// !$*UTF8*$!
{
	archiveVersion = 1;
	classes = {
	};
	objectVersion = 56;
	objects = {

/* Begin PBXBuildFile section */
		6BE14662296893B1001F65AA /* ImageOCRApp.swift in Sources */ = {isa = PBXBuildFile; fileRef = 6BE14661296893B1001F65AA /* ImageOCRApp.swift */; };
		6BE14664296893B1001F65AA /* MainView.swift in Sources */ = {isa = PBXBuildFile; fileRef = 6BE14663296893B1001F65AA /* MainView.swift */; };
		6BE14666296893B2001F65AA /* Assets.xcassets in Resources */ = {isa = PBXBuildFile; fileRef = 6BE14665296893B2001F65AA /* Assets.xcassets */; };
		6BE14669296893B2001F65AA /* Preview Assets.xcassets in Resources */ = {isa = PBXBuildFile; fileRef = 6BE14668296893B2001F65AA /* Preview Assets.xcassets */; };
		6BE14675296990D5001F65AA /* MainViewModel.swift in Sources */ = {isa = PBXBuildFile; fileRef = 6BE14674296990D5001F65AA /* MainViewModel.swift */; };
		6BE146782969989A001F65AA /* OcrImage.swift in Sources */ = {isa = PBXBuildFile; fileRef = 6BE146772969989A001F65AA /* OcrImage.swift */; };
		6BE1467A29699B0E001F65AA /* MainViewItemView.swift in Sources */ = {isa = PBXBuildFile; fileRef = 6BE1467929699B0E001F65AA /* MainViewItemView.swift */; };
/* End PBXBuildFile section */

/* Begin PBXFileReference section */
		6BE1465E296893B1001F65AA /* ImageOCR.app */ = {isa = PBXFileReference; explicitFileType = wrapper.application; includeInIndex = 0; path = ImageOCR.app; sourceTree = BUILT_PRODUCTS_DIR; };
		6BE14661296893B1001F65AA /* ImageOCRApp.swift */ = {isa = PBXFileReference; lastKnownFileType = sourcecode.swift; path = ImageOCRApp.swift; sourceTree = "<group>"; };
		6BE14663296893B1001F65AA /* MainView.swift */ = {isa = PBXFileReference; lastKnownFileType = sourcecode.swift; path = MainView.swift; sourceTree = "<group>"; };
		6BE14665296893B2001F65AA /* Assets.xcassets */ = {isa = PBXFileReference; lastKnownFileType = folder.assetcatalog; path = Assets.xcassets; sourceTree = "<group>"; };
		6BE14668296893B2001F65AA /* Preview Assets.xcassets */ = {isa = PBXFileReference; lastKnownFileType = folder.assetcatalog; path = "Preview Assets.xcassets"; sourceTree = "<group>"; };
		6BE14674296990D5001F65AA /* MainViewModel.swift */ = {isa = PBXFileReference; lastKnownFileType = sourcecode.swift; path = MainViewModel.swift; sourceTree = "<group>"; };
		6BE146772969989A001F65AA /* OcrImage.swift */ = {isa = PBXFileReference; lastKnownFileType = sourcecode.swift; path = OcrImage.swift; sourceTree = "<group>"; };
		6BE1467929699B0E001F65AA /* MainViewItemView.swift */ = {isa = PBXFileReference; lastKnownFileType = sourcecode.swift; path = MainViewItemView.swift; sourceTree = "<group>"; };
/* End PBXFileReference section */

/* Begin PBXFrameworksBuildPhase section */
		6BE1465B296893B1001F65AA /* Frameworks */ = {
			isa = PBXFrameworksBuildPhase;
			buildActionMask = 2147483647;
			files = (
			);
			runOnlyForDeploymentPostprocessing = 0;
		};
/* End PBXFrameworksBuildPhase section */

/* Begin PBXGroup section */
		6BE14655296893B1001F65AA = {
			isa = PBXGroup;
			children = (
				6BE14660296893B1001F65AA /* ImageOCR */,
				6BE1465F296893B1001F65AA /* Products */,
			);
			sourceTree = "<group>";
		};
		6BE1465F296893B1001F65AA /* Products */ = {
			isa = PBXGroup;
			children = (
				6BE1465E296893B1001F65AA /* ImageOCR.app */,
			);
			name = Products;
			sourceTree = "<group>";
		};
		6BE14660296893B1001F65AA /* ImageOCR */ = {
			isa = PBXGroup;
			children = (
				6BE14661296893B1001F65AA /* ImageOCRApp.swift */,
				6BE1466F296896E7001F65AA /* Scenes */,
				6BE1467629699874001F65AA /* Models */,
				6BE14670296896F2001F65AA /* Common */,
				6BE14667296893B2001F65AA /* Preview Content */,
			);
			path = ImageOCR;
			sourceTree = "<group>";
		};
		6BE14667296893B2001F65AA /* Preview Content */ = {
			isa = PBXGroup;
			children = (
				6BE14668296893B2001F65AA /* Preview Assets.xcassets */,
			);
			path = "Preview Content";
			sourceTree = "<group>";
		};
		6BE1466F296896E7001F65AA /* Scenes */ = {
			isa = PBXGroup;
			children = (
				6BE14673296990A3001F65AA /* Main */,
			);
			path = Scenes;
			sourceTree = "<group>";
		};
		6BE14670296896F2001F65AA /* Common */ = {
			isa = PBXGroup;
			children = (
				6BE14665296893B2001F65AA /* Assets.xcassets */,
			);
			path = Common;
			sourceTree = "<group>";
		};
		6BE14673296990A3001F65AA /* Main */ = {
			isa = PBXGroup;
			children = (
				6BE14674296990D5001F65AA /* MainViewModel.swift */,
				6BE14663296893B1001F65AA /* MainView.swift */,
				6BE1467929699B0E001F65AA /* MainViewItemView.swift */,
			);
			path = Main;
			sourceTree = "<group>";
		};
		6BE1467629699874001F65AA /* Models */ = {
			isa = PBXGroup;
			children = (
				6BE146772969989A001F65AA /* OcrImage.swift */,
			);
			path = Models;
			sourceTree = "<group>";
		};
/* End PBXGroup section */

/* Begin PBXNativeTarget section */
		6BE1465D296893B1001F65AA /* ImageOCR */ = {
			isa = PBXNativeTarget;
			buildConfigurationList = 6BE1466C296893B2001F65AA /* Build configuration list for PBXNativeTarget "ImageOCR" */;
			buildPhases = (
				6BE1465A296893B1001F65AA /* Sources */,
				6BE1465B296893B1001F65AA /* Frameworks */,
				6BE1465C296893B1001F65AA /* Resources */,
			);
			buildRules = (
			);
			dependencies = (
			);
			name = ImageOCR;
			productName = ImageOCR;
			productReference = 6BE1465E296893B1001F65AA /* ImageOCR.app */;
			productType = "com.apple.product-type.application";
		};
/* End PBXNativeTarget section */

/* Begin PBXProject section */
		6BE14656296893B1001F65AA /* Project object */ = {
			isa = PBXProject;
			attributes = {
				BuildIndependentTargetsInParallel = 1;
				LastSwiftUpdateCheck = 1420;
				LastUpgradeCheck = 1420;
				TargetAttributes = {
					6BE1465D296893B1001F65AA = {
						CreatedOnToolsVersion = 14.2;
					};
				};
			};
			buildConfigurationList = 6BE14659296893B1001F65AA /* Build configuration list for PBXProject "ImageOCR" */;
			compatibilityVersion = "Xcode 14.0";
			developmentRegion = en;
			hasScannedForEncodings = 0;
			knownRegions = (
				en,
				Base,
			);
			mainGroup = 6BE14655296893B1001F65AA;
			productRefGroup = 6BE1465F296893B1001F65AA /* Products */;
			projectDirPath = "";
			projectRoot = "";
			targets = (
				6BE1465D296893B1001F65AA /* ImageOCR */,
			);
		};
/* End PBXProject section */

/* Begin PBXResourcesBuildPhase section */
		6BE1465C296893B1001F65AA /* Resources */ = {
			isa = PBXResourcesBuildPhase;
			buildActionMask = 2147483647;
			files = (
				6BE14669296893B2001F65AA /* Preview Assets.xcassets in Resources */,
				6BE14666296893B2001F65AA /* Assets.xcassets in Resources */,
			);
			runOnlyForDeploymentPostprocessing = 0;
		};
/* End PBXResourcesBuildPhase section */

/* Begin PBXSourcesBuildPhase section */
		6BE1465A296893B1001F65AA /* Sources */ = {
			isa = PBXSourcesBuildPhase;
			buildActionMask = 2147483647;
			files = (
				6BE1467A29699B0E001F65AA /* MainViewItemView.swift in Sources */,
				6BE14664296893B1001F65AA /* MainView.swift in Sources */,
				6BE146782969989A001F65AA /* OcrImage.swift in Sources */,
				6BE14662296893B1001F65AA /* ImageOCRApp.swift in Sources */,
				6BE14675296990D5001F65AA /* MainViewModel.swift in Sources */,
			);
			runOnlyForDeploymentPostprocessing = 0;
		};
/* End PBXSourcesBuildPhase section */

/* Begin XCBuildConfiguration section */
		6BE1466A296893B2001F65AA /* Debug */ = {
			isa = XCBuildConfiguration;
			buildSettings = {
				ALWAYS_SEARCH_USER_PATHS = NO;
				CLANG_ANALYZER_NONNULL = YES;
				CLANG_ANALYZER_NUMBER_OBJECT_CONVERSION = YES_AGGRESSIVE;
				CLANG_CXX_LANGUAGE_STANDARD = "gnu++20";
				CLANG_ENABLE_MODULES = YES;
				CLANG_ENABLE_OBJC_ARC = YES;
				CLANG_ENABLE_OBJC_WEAK = YES;
				CLANG_WARN_BLOCK_CAPTURE_AUTORELEASING = YES;
				CLANG_WARN_BOOL_CONVERSION = YES;
				CLANG_WARN_COMMA = YES;
				CLANG_WARN_CONSTANT_CONVERSION = YES;
				CLANG_WARN_DEPRECATED_OBJC_IMPLEMENTATIONS = YES;
				CLANG_WARN_DIRECT_OBJC_ISA_USAGE = YES_ERROR;
				CLANG_WARN_DOCUMENTATION_COMMENTS = YES;
				CLANG_WARN_EMPTY_BODY = YES;
				CLANG_WARN_ENUM_CONVERSION = YES;
				CLANG_WARN_INFINITE_RECURSION = YES;
				CLANG_WARN_INT_CONVERSION = YES;
				CLANG_WARN_NON_LITERAL_NULL_CONVERSION = YES;
				CLANG_WARN_OBJC_IMPLICIT_RETAIN_SELF = YES;
				CLANG_WARN_OBJC_LITERAL_CONVERSION = YES;
				CLANG_WARN_OBJC_ROOT_CLASS = YES_ERROR;
				CLANG_WARN_QUOTED_INCLUDE_IN_FRAMEWORK_HEADER = YES;
				CLANG_WARN_RANGE_LOOP_ANALYSIS = YES;
				CLANG_WARN_STRICT_PROTOTYPES = YES;
				CLANG_WARN_SUSPICIOUS_MOVE = YES;
				CLANG_WARN_UNGUARDED_AVAILABILITY = YES_AGGRESSIVE;
				CLANG_WARN_UNREACHABLE_CODE = YES;
				CLANG_WARN__DUPLICATE_METHOD_MATCH = YES;
				COPY_PHASE_STRIP = NO;
				DEBUG_INFORMATION_FORMAT = dwarf;
				ENABLE_STRICT_OBJC_MSGSEND = YES;
				ENABLE_TESTABILITY = YES;
				GCC_C_LANGUAGE_STANDARD = gnu11;
				GCC_DYNAMIC_NO_PIC = NO;
				GCC_NO_COMMON_BLOCKS = YES;
				GCC_OPTIMIZATION_LEVEL = 0;
				GCC_PREPROCESSOR_DEFINITIONS = (
					"DEBUG=1",
					"$(inherited)",
				);
				GCC_WARN_64_TO_32_BIT_CONVERSION = YES;
				GCC_WARN_ABOUT_RETURN_TYPE = YES_ERROR;
				GCC_WARN_UNDECLARED_SELECTOR = YES;
				GCC_WARN_UNINITIALIZED_AUTOS = YES_AGGRESSIVE;
				GCC_WARN_UNUSED_FUNCTION = YES;
				GCC_WARN_UNUSED_VARIABLE = YES;
				IPHONEOS_DEPLOYMENT_TARGET = 16.2;
				MTL_ENABLE_DEBUG_INFO = INCLUDE_SOURCE;
				MTL_FAST_MATH = YES;
				ONLY_ACTIVE_ARCH = YES;
				SDKROOT = iphoneos;
				SWIFT_ACTIVE_COMPILATION_CONDITIONS = DEBUG;
				SWIFT_OPTIMIZATION_LEVEL = "-Onone";
			};
			name = Debug;
		};
		6BE1466B296893B2001F65AA /* Release */ = {
			isa = XCBuildConfiguration;
			buildSettings = {
				ALWAYS_SEARCH_USER_PATHS = NO;
				CLANG_ANALYZER_NONNULL = YES;
				CLANG_ANALYZER_NUMBER_OBJECT_CONVERSION = YES_AGGRESSIVE;
				CLANG_CXX_LANGUAGE_STANDARD = "gnu++20";
				CLANG_ENABLE_MODULES = YES;
				CLANG_ENABLE_OBJC_ARC = YES;
				CLANG_ENABLE_OBJC_WEAK = YES;
				CLANG_WARN_BLOCK_CAPTURE_AUTORELEASING = YES;
				CLANG_WARN_BOOL_CONVERSION = YES;
				CLANG_WARN_COMMA = YES;
				CLANG_WARN_CONSTANT_CONVERSION = YES;
				CLANG_WARN_DEPRECATED_OBJC_IMPLEMENTATIONS = YES;
				CLANG_WARN_DIRECT_OBJC_ISA_USAGE = YES_ERROR;
				CLANG_WARN_DOCUMENTATION_COMMENTS = YES;
				CLANG_WARN_EMPTY_BODY = YES;
				CLANG_WARN_ENUM_CONVERSION = YES;
				CLANG_WARN_INFINITE_RECURSION = YES;
				CLANG_WARN_INT_CONVERSION = YES;
				CLANG_WARN_NON_LITERAL_NULL_CONVERSION = YES;
				CLANG_WARN_OBJC_IMPLICIT_RETAIN_SELF = YES;
				CLANG_WARN_OBJC_LITERAL_CONVERSION = YES;
				CLANG_WARN_OBJC_ROOT_CLASS = YES_ERROR;
				CLANG_WARN_QUOTED_INCLUDE_IN_FRAMEWORK_HEADER = YES;
				CLANG_WARN_RANGE_LOOP_ANALYSIS = YES;
				CLANG_WARN_STRICT_PROTOTYPES = YES;
				CLANG_WARN_SUSPICIOUS_MOVE = YES;
				CLANG_WARN_UNGUARDED_AVAILABILITY = YES_AGGRESSIVE;
				CLANG_WARN_UNREACHABLE_CODE = YES;
				CLANG_WARN__DUPLICATE_METHOD_MATCH = YES;
				COPY_PHASE_STRIP = NO;
				DEBUG_INFORMATION_FORMAT = "dwarf-with-dsym";
				ENABLE_NS_ASSERTIONS = NO;
				ENABLE_STRICT_OBJC_MSGSEND = YES;
				GCC_C_LANGUAGE_STANDARD = gnu11;
				GCC_NO_COMMON_BLOCKS = YES;
				GCC_WARN_64_TO_32_BIT_CONVERSION = YES;
				GCC_WARN_ABOUT_RETURN_TYPE = YES_ERROR;
				GCC_WARN_UNDECLARED_SELECTOR = YES;
				GCC_WARN_UNINITIALIZED_AUTOS = YES_AGGRESSIVE;
				GCC_WARN_UNUSED_FUNCTION = YES;
				GCC_WARN_UNUSED_VARIABLE = YES;
				IPHONEOS_DEPLOYMENT_TARGET = 16.2;
				MTL_ENABLE_DEBUG_INFO = NO;
				MTL_FAST_MATH = YES;
				SDKROOT = iphoneos;
				SWIFT_COMPILATION_MODE = wholemodule;
				SWIFT_OPTIMIZATION_LEVEL = "-O";
				VALIDATE_PRODUCT = YES;
			};
			name = Release;
		};
		6BE1466D296893B2001F65AA /* Debug */ = {
			isa = XCBuildConfiguration;
			buildSettings = {
				ASSETCATALOG_COMPILER_APPICON_NAME = AppIcon;
				ASSETCATALOG_COMPILER_GLOBAL_ACCENT_COLOR_NAME = AccentColor;
				CODE_SIGN_STYLE = Automatic;
				CURRENT_PROJECT_VERSION = 1;
				DEVELOPMENT_ASSET_PATHS = "\"ImageOCR/Preview Content\"";
				DEVELOPMENT_TEAM = 2UGBQYC9Y9;
				ENABLE_PREVIEWS = YES;
				GENERATE_INFOPLIST_FILE = YES;
				INFOPLIST_KEY_UIApplicationSceneManifest_Generation = YES;
				INFOPLIST_KEY_UIApplicationSupportsIndirectInputEvents = YES;
				INFOPLIST_KEY_UILaunchScreen_Generation = YES;
				INFOPLIST_KEY_UISupportedInterfaceOrientations = UIInterfaceOrientationPortrait;
				LD_RUNPATH_SEARCH_PATHS = (
					"$(inherited)",
					"@executable_path/Frameworks",
				);
				MARKETING_VERSION = 1.0;
				PRODUCT_BUNDLE_IDENTIFIER = kl.ImageOCR;
				PRODUCT_NAME = "$(TARGET_NAME)";
				SUPPORTED_PLATFORMS = "iphoneos iphonesimulator";
				SUPPORTS_MACCATALYST = NO;
				SUPPORTS_MAC_DESIGNED_FOR_IPHONE_IPAD = YES;
				SWIFT_EMIT_LOC_STRINGS = YES;
				SWIFT_VERSION = 5.0;
				TARGETED_DEVICE_FAMILY = 1;
			};
			name = Debug;
		};
		6BE1466E296893B2001F65AA /* Release */ = {
			isa = XCBuildConfiguration;
			buildSettings = {
				ASSETCATALOG_COMPILER_APPICON_NAME = AppIcon;
				ASSETCATALOG_COMPILER_GLOBAL_ACCENT_COLOR_NAME = AccentColor;
				CODE_SIGN_STYLE = Automatic;
				CURRENT_PROJECT_VERSION = 1;
				DEVELOPMENT_ASSET_PATHS = "\"ImageOCR/Preview Content\"";
				DEVELOPMENT_TEAM = 2UGBQYC9Y9;
				ENABLE_PREVIEWS = YES;
				GENERATE_INFOPLIST_FILE = YES;
				INFOPLIST_KEY_UIApplicationSceneManifest_Generation = YES;
				INFOPLIST_KEY_UIApplicationSupportsIndirectInputEvents = YES;
				INFOPLIST_KEY_UILaunchScreen_Generation = YES;
				INFOPLIST_KEY_UISupportedInterfaceOrientations = UIInterfaceOrientationPortrait;
				LD_RUNPATH_SEARCH_PATHS = (
					"$(inherited)",
					"@executable_path/Frameworks",
				);
				MARKETING_VERSION = 1.0;
				PRODUCT_BUNDLE_IDENTIFIER = kl.ImageOCR;
				PRODUCT_NAME = "$(TARGET_NAME)";
				SUPPORTED_PLATFORMS = "iphoneos iphonesimulator";
				SUPPORTS_MACCATALYST = NO;
				SUPPORTS_MAC_DESIGNED_FOR_IPHONE_IPAD = YES;
				SWIFT_EMIT_LOC_STRINGS = YES;
				SWIFT_VERSION = 5.0;
				TARGETED_DEVICE_FAMILY = 1;
			};
			name = Release;
		};
/* End XCBuildConfiguration section */

/* Begin XCConfigurationList section */
		6BE14659296893B1001F65AA /* Build configuration list for PBXProject "ImageOCR" */ = {
			isa = XCConfigurationList;
			buildConfigurations = (
				6BE1466A296893B2001F65AA /* Debug */,
				6BE1466B296893B2001F65AA /* Release */,
			);
			defaultConfigurationIsVisible = 0;
			defaultConfigurationName = Release;
		};
		6BE1466C296893B2001F65AA /* Build configuration list for PBXNativeTarget "ImageOCR" */ = {
			isa = XCConfigurationList;
			buildConfigurations = (
				6BE1466D296893B2001F65AA /* Debug */,
				6BE1466E296893B2001F65AA /* Release */,
			);
			defaultConfigurationIsVisible = 0;
			defaultConfigurationName = Release;
		};
/* End XCConfigurationList section */
	};
	rootObject = 6BE14656296893B1001F65AA /* Project object */;
}
